// !$*UTF8*$!
{
	archiveVersion = 1;
	classes = {
	};
	objectVersion = 46;
	objects = {

/* Begin PBXBuildFile section */
		487ED6941B7744CD004D2B7C /* AppDelegate.swift in Sources */ = {isa = PBXBuildFile; fileRef = 487ED6931B7744CD004D2B7C /* AppDelegate.swift */; };
		487ED6991B7744CD004D2B7C /* Main.storyboard in Resources */ = {isa = PBXBuildFile; fileRef = 487ED6971B7744CD004D2B7C /* Main.storyboard */; };
		487ED69B1B7744CD004D2B7C /* Images.xcassets in Resources */ = {isa = PBXBuildFile; fileRef = 487ED69A1B7744CD004D2B7C /* Images.xcassets */; };
		487ED69E1B7744CD004D2B7C /* LaunchScreen.xib in Resources */ = {isa = PBXBuildFile; fileRef = 487ED69C1B7744CD004D2B7C /* LaunchScreen.xib */; };
		487ED6AA1B7744CD004D2B7C /* CloudKitTestTests.swift in Sources */ = {isa = PBXBuildFile; fileRef = 487ED6A91B7744CD004D2B7C /* CloudKitTestTests.swift */; };
		487ED6B51B77471C004D2B7C /* ComposeViewController.swift in Sources */ = {isa = PBXBuildFile; fileRef = 487ED6B31B77471C004D2B7C /* ComposeViewController.swift */; };
		487ED6B61B77471C004D2B7C /* DisplayViewController.swift in Sources */ = {isa = PBXBuildFile; fileRef = 487ED6B41B77471C004D2B7C /* DisplayViewController.swift */; };
		48ED7DC71B7770C100AF915E /* DataManager.swift in Sources */ = {isa = PBXBuildFile; fileRef = 48ED7DC41B7770C100AF915E /* DataManager.swift */; };
		48ED7DC81B7770C100AF915E /* Message.swift in Sources */ = {isa = PBXBuildFile; fileRef = 48ED7DC51B7770C100AF915E /* Message.swift */; };
		48ED7DC91B7770C100AF915E /* MessageCell.swift in Sources */ = {isa = PBXBuildFile; fileRef = 48ED7DC61B7770C100AF915E /* MessageCell.swift */; };
/* End PBXBuildFile section */

/* Begin PBXFileReference section */
		487ED68E1B7744CD004D2B7C /* CloudKitTest.app */ = {isa = PBXFileReference; explicitFileType = wrapper.application; includeInIndex = 0; path = CloudKitTest.app; sourceTree = BUILT_PRODUCTS_DIR; };
		487ED6921B7744CD004D2B7C /* Info.plist */ = {isa = PBXFileReference; lastKnownFileType = text.plist.xml; path = Info.plist; sourceTree = "<group>"; };
		487ED6931B7744CD004D2B7C /* AppDelegate.swift */ = {isa = PBXFileReference; lastKnownFileType = sourcecode.swift; path = AppDelegate.swift; sourceTree = "<group>"; };
		487ED6981B7744CD004D2B7C /* Base */ = {isa = PBXFileReference; lastKnownFileType = file.storyboard; name = Base; path = Base.lproj/Main.storyboard; sourceTree = "<group>"; };
		487ED69A1B7744CD004D2B7C /* Images.xcassets */ = {isa = PBXFileReference; lastKnownFileType = folder.assetcatalog; path = Images.xcassets; sourceTree = "<group>"; };
		487ED69D1B7744CD004D2B7C /* Base */ = {isa = PBXFileReference; lastKnownFileType = file.xib; name = Base; path = Base.lproj/LaunchScreen.xib; sourceTree = "<group>"; };
		487ED6A31B7744CD004D2B7C /* CloudKitTestTests.xctest */ = {isa = PBXFileReference; explicitFileType = wrapper.cfbundle; includeInIndex = 0; path = CloudKitTestTests.xctest; sourceTree = BUILT_PRODUCTS_DIR; };
		487ED6A81B7744CD004D2B7C /* Info.plist */ = {isa = PBXFileReference; lastKnownFileType = text.plist.xml; path = Info.plist; sourceTree = "<group>"; };
		487ED6A91B7744CD004D2B7C /* CloudKitTestTests.swift */ = {isa = PBXFileReference; lastKnownFileType = sourcecode.swift; path = CloudKitTestTests.swift; sourceTree = "<group>"; };
		487ED6B31B77471C004D2B7C /* ComposeViewController.swift */ = {isa = PBXFileReference; fileEncoding = 4; lastKnownFileType = sourcecode.swift; path = ComposeViewController.swift; sourceTree = "<group>"; };
		487ED6B41B77471C004D2B7C /* DisplayViewController.swift */ = {isa = PBXFileReference; fileEncoding = 4; lastKnownFileType = sourcecode.swift; path = DisplayViewController.swift; sourceTree = "<group>"; };
		48ED7DC41B7770C100AF915E /* DataManager.swift */ = {isa = PBXFileReference; fileEncoding = 4; lastKnownFileType = sourcecode.swift; path = DataManager.swift; sourceTree = "<group>"; };
		48ED7DC51B7770C100AF915E /* Message.swift */ = {isa = PBXFileReference; fileEncoding = 4; lastKnownFileType = sourcecode.swift; path = Message.swift; sourceTree = "<group>"; };
		48ED7DC61B7770C100AF915E /* MessageCell.swift */ = {isa = PBXFileReference; fileEncoding = 4; lastKnownFileType = sourcecode.swift; path = MessageCell.swift; sourceTree = "<group>"; };
/* End PBXFileReference section */

/* Begin PBXFrameworksBuildPhase section */
		487ED68B1B7744CD004D2B7C /* Frameworks */ = {
			isa = PBXFrameworksBuildPhase;
			buildActionMask = 2147483647;
			files = (
			);
			runOnlyForDeploymentPostprocessing = 0;
		};
/* End PBXFrameworksBuildPhase section */

/* Begin PBXGroup section */
		487ED6851B7744CD004D2B7C = {
			isa = PBXGroup;
			children = (
				487ED6901B7744CD004D2B7C /* CloudKitTest */,
				487ED68F1B7744CD004D2B7C /* Products */,
			);
			sourceTree = "<group>";
		};
		487ED68F1B7744CD004D2B7C /* Products */ = {
			isa = PBXGroup;
			children = (
				487ED68E1B7744CD004D2B7C /* CloudKitTest.app */,
			);
			name = Products;
			sourceTree = "<group>";
		};
		487ED6901B7744CD004D2B7C /* CloudKitTest */ = {
			isa = PBXGroup;
			children = (
				487ED6931B7744CD004D2B7C /* AppDelegate.swift */,
				48ED7DCA1B7770CD00AF915E /* Model */,
				487ED6B71B774728004D2B7C /* View Controllers */,
				487ED6971B7744CD004D2B7C /* Main.storyboard */,
				487ED69A1B7744CD004D2B7C /* Images.xcassets */,
				487ED69C1B7744CD004D2B7C /* LaunchScreen.xib */,
				487ED6911B7744CD004D2B7C /* Supporting Files */,
			);
			path = CloudKitTest;
			sourceTree = "<group>";
		};
		487ED6911B7744CD004D2B7C /* Supporting Files */ = {
			isa = PBXGroup;
			children = (
				487ED6921B7744CD004D2B7C /* Info.plist */,
			);
			name = "Supporting Files";
			sourceTree = "<group>";
		};
		487ED6A61B7744CD004D2B7C /* CloudKitTestTests */ = {
			isa = PBXGroup;
			children = (
				487ED6A91B7744CD004D2B7C /* CloudKitTestTests.swift */,
				487ED6A71B7744CD004D2B7C /* Supporting Files */,
			);
			path = CloudKitTestTests;
			sourceTree = "<group>";
		};
		487ED6A71B7744CD004D2B7C /* Supporting Files */ = {
			isa = PBXGroup;
			children = (
				487ED6A81B7744CD004D2B7C /* Info.plist */,
			);
			name = "Supporting Files";
			sourceTree = "<group>";
		};
		487ED6B71B774728004D2B7C /* View Controllers */ = {
			isa = PBXGroup;
			children = (
				487ED6B41B77471C004D2B7C /* DisplayViewController.swift */,
				48ED7DC61B7770C100AF915E /* MessageCell.swift */,
				487ED6B31B77471C004D2B7C /* ComposeViewController.swift */,
			);
			name = "View Controllers";
			sourceTree = "<group>";
		};
		48ED7DCA1B7770CD00AF915E /* Model */ = {
			isa = PBXGroup;
			children = (
				48ED7DC51B7770C100AF915E /* Message.swift */,
				48ED7DC41B7770C100AF915E /* DataManager.swift */,
			);
			name = Model;
			sourceTree = "<group>";
		};
/* End PBXGroup section */

/* Begin PBXNativeTarget section */
		487ED68D1B7744CD004D2B7C /* CloudKitTest */ = {
			isa = PBXNativeTarget;
			buildConfigurationList = 487ED6AD1B7744CD004D2B7C /* Build configuration list for PBXNativeTarget "CloudKitTest" */;
			buildPhases = (
				487ED68A1B7744CD004D2B7C /* Sources */,
				487ED68B1B7744CD004D2B7C /* Frameworks */,
				487ED68C1B7744CD004D2B7C /* Resources */,
			);
			buildRules = (
			);
			dependencies = (
			);
			name = CloudKitTest;
			productName = CloudKitTest;
			productReference = 487ED68E1B7744CD004D2B7C /* CloudKitTest.app */;
			productType = "com.apple.product-type.application";
		};
/* End PBXNativeTarget section */

/* Begin PBXProject section */
		487ED6861B7744CD004D2B7C /* Project object */ = {
			isa = PBXProject;
			attributes = {
				LastSwiftUpdateCheck = 0700;
				LastUpgradeCheck = 0700;
				ORGANIZATIONNAME = "Mateusz Dzwonek";
				TargetAttributes = {
					487ED68D1B7744CD004D2B7C = {
						CreatedOnToolsVersion = 6.4;
					};
				};
			};
			buildConfigurationList = 487ED6891B7744CD004D2B7C /* Build configuration list for PBXProject "CloudKitTest" */;
			compatibilityVersion = "Xcode 3.2";
			developmentRegion = English;
			hasScannedForEncodings = 0;
			knownRegions = (
				en,
				Base,
			);
			mainGroup = 487ED6851B7744CD004D2B7C;
			productRefGroup = 487ED68F1B7744CD004D2B7C /* Products */;
			projectDirPath = "";
			projectRoot = "";
			targets = (
				487ED68D1B7744CD004D2B7C /* CloudKitTest */,
			);
		};
/* End PBXProject section */

/* Begin PBXResourcesBuildPhase section */
		487ED68C1B7744CD004D2B7C /* Resources */ = {
			isa = PBXResourcesBuildPhase;
			buildActionMask = 2147483647;
			files = (
				487ED6991B7744CD004D2B7C /* Main.storyboard in Resources */,
				487ED69E1B7744CD004D2B7C /* LaunchScreen.xib in Resources */,
				487ED69B1B7744CD004D2B7C /* Images.xcassets in Resources */,
			);
			runOnlyForDeploymentPostprocessing = 0;
		};
/* End PBXResourcesBuildPhase section */

/* Begin PBXSourcesBuildPhase section */
		487ED68A1B7744CD004D2B7C /* Sources */ = {
			isa = PBXSourcesBuildPhase;
			buildActionMask = 2147483647;
			files = (
				487ED6B51B77471C004D2B7C /* ComposeViewController.swift in Sources */,
				48ED7DC71B7770C100AF915E /* DataManager.swift in Sources */,
				48ED7DC81B7770C100AF915E /* Message.swift in Sources */,
				487ED6941B7744CD004D2B7C /* AppDelegate.swift in Sources */,
				487ED6B61B77471C004D2B7C /* DisplayViewController.swift in Sources */,
				48ED7DC91B7770C100AF915E /* MessageCell.swift in Sources */,
			);
			runOnlyForDeploymentPostprocessing = 0;
		};
/* End PBXSourcesBuildPhase section */

/* Begin PBXVariantGroup section */
		487ED6971B7744CD004D2B7C /* Main.storyboard */ = {
			isa = PBXVariantGroup;
			children = (
				487ED6981B7744CD004D2B7C /* Base */,
			);
			name = Main.storyboard;
			sourceTree = "<group>";
		};
		487ED69C1B7744CD004D2B7C /* LaunchScreen.xib */ = {
			isa = PBXVariantGroup;
			children = (
				487ED69D1B7744CD004D2B7C /* Base */,
			);
			name = LaunchScreen.xib;
			sourceTree = "<group>";
		};
/* End PBXVariantGroup section */

/* Begin XCBuildConfiguration section */
		487ED6AB1B7744CD004D2B7C /* Debug */ = {
			isa = XCBuildConfiguration;
			buildSettings = {
				ALWAYS_SEARCH_USER_PATHS = NO;
				CLANG_CXX_LANGUAGE_STANDARD = "gnu++0x";
				CLANG_CXX_LIBRARY = "libc++";
				CLANG_ENABLE_MODULES = YES;
				CLANG_ENABLE_OBJC_ARC = YES;
				CLANG_WARN_BOOL_CONVERSION = YES;
				CLANG_WARN_CONSTANT_CONVERSION = YES;
				CLANG_WARN_DIRECT_OBJC_ISA_USAGE = YES_ERROR;
				CLANG_WARN_EMPTY_BODY = YES;
				CLANG_WARN_ENUM_CONVERSION = YES;
				CLANG_WARN_INT_CONVERSION = YES;
				CLANG_WARN_OBJC_ROOT_CLASS = YES_ERROR;
				CLANG_WARN_UNREACHABLE_CODE = YES;
				CLANG_WARN__DUPLICATE_METHOD_MATCH = YES;
				"CODE_SIGN_IDENTITY[sdk=iphoneos*]" = "iPhone Developer";
				COPY_PHASE_STRIP = NO;
				DEBUG_INFORMATION_FORMAT = "dwarf-with-dsym";
				ENABLE_STRICT_OBJC_MSGSEND = YES;
				ENABLE_TESTABILITY = YES;
				GCC_C_LANGUAGE_STANDARD = gnu99;
				GCC_DYNAMIC_NO_PIC = NO;
				GCC_NO_COMMON_BLOCKS = YES;
				GCC_OPTIMIZATION_LEVEL = 0;
				GCC_PREPROCESSOR_DEFINITIONS = (
					"DEBUG=1",
					"$(inherited)",
				);
				GCC_SYMBOLS_PRIVATE_EXTERN = NO;
				GCC_WARN_64_TO_32_BIT_CONVERSION = YES;
				GCC_WARN_ABOUT_RETURN_TYPE = YES_ERROR;
				GCC_WARN_UNDECLARED_SELECTOR = YES;
				GCC_WARN_UNINITIALIZED_AUTOS = YES_AGGRESSIVE;
				GCC_WARN_UNUSED_FUNCTION = YES;
				GCC_WARN_UNUSED_VARIABLE = YES;
				IPHONEOS_DEPLOYMENT_TARGET = 8.4;
				MTL_ENABLE_DEBUG_INFO = YES;
				ONLY_ACTIVE_ARCH = YES;
				SDKROOT = iphoneos;
				SWIFT_OPTIMIZATION_LEVEL = "-Onone";
			};
			name = Debug;
		};
		487ED6AC1B7744CD004D2B7C /* Release */ = {
			isa = XCBuildConfiguration;
			buildSettings = {
				ALWAYS_SEARCH_USER_PATHS = NO;
				CLANG_CXX_LANGUAGE_STANDARD = "gnu++0x";
				CLANG_CXX_LIBRARY = "libc++";
				CLANG_ENABLE_MODULES = YES;
				CLANG_ENABLE_OBJC_ARC = YES;
				CLANG_WARN_BOOL_CONVERSION = YES;
				CLANG_WARN_CONSTANT_CONVERSION = YES;
				CLANG_WARN_DIRECT_OBJC_ISA_USAGE = YES_ERROR;
				CLANG_WARN_EMPTY_BODY = YES;
				CLANG_WARN_ENUM_CONVERSION = YES;
				CLANG_WARN_INT_CONVERSION = YES;
				CLANG_WARN_OBJC_ROOT_CLASS = YES_ERROR;
				CLANG_WARN_UNREACHABLE_CODE = YES;
				CLANG_WARN__DUPLICATE_METHOD_MATCH = YES;
				"CODE_SIGN_IDENTITY[sdk=iphoneos*]" = "iPhone Developer";
				COPY_PHASE_STRIP = NO;
				DEBUG_INFORMATION_FORMAT = "dwarf-with-dsym";
				ENABLE_NS_ASSERTIONS = NO;
				ENABLE_STRICT_OBJC_MSGSEND = YES;
				GCC_C_LANGUAGE_STANDARD = gnu99;
				GCC_NO_COMMON_BLOCKS = YES;
				GCC_WARN_64_TO_32_BIT_CONVERSION = YES;
				GCC_WARN_ABOUT_RETURN_TYPE = YES_ERROR;
				GCC_WARN_UNDECLARED_SELECTOR = YES;
				GCC_WARN_UNINITIALIZED_AUTOS = YES_AGGRESSIVE;
				GCC_WARN_UNUSED_FUNCTION = YES;
				GCC_WARN_UNUSED_VARIABLE = YES;
				IPHONEOS_DEPLOYMENT_TARGET = 8.4;
				MTL_ENABLE_DEBUG_INFO = NO;
				SDKROOT = iphoneos;
				VALIDATE_PRODUCT = YES;
			};
			name = Release;
		};
		487ED6AE1B7744CD004D2B7C /* Debug */ = {
			isa = XCBuildConfiguration;
			buildSettings = {
				ASSETCATALOG_COMPILER_APPICON_NAME = AppIcon;
				INFOPLIST_FILE = CloudKitTest/Info.plist;
				LD_RUNPATH_SEARCH_PATHS = "$(inherited) @executable_path/Frameworks";
				PRODUCT_BUNDLE_IDENTIFIER = "com.mdzwonek.$(PRODUCT_NAME:rfc1034identifier)";
				PRODUCT_NAME = "$(TARGET_NAME)";
			};
			name = Debug;
		};
		487ED6AF1B7744CD004D2B7C /* Release */ = {
			isa = XCBuildConfiguration;
			buildSettings = {
				ASSETCATALOG_COMPILER_APPICON_NAME = AppIcon;
				INFOPLIST_FILE = CloudKitTest/Info.plist;
				LD_RUNPATH_SEARCH_PATHS = "$(inherited) @executable_path/Frameworks";
				PRODUCT_BUNDLE_IDENTIFIER = "com.mdzwonek.$(PRODUCT_NAME:rfc1034identifier)";
				PRODUCT_NAME = "$(TARGET_NAME)";
			};
			name = Release;
		};
/* End XCBuildConfiguration section */

/* Begin XCConfigurationList section */
		487ED6891B7744CD004D2B7C /* Build configuration list for PBXProject "CloudKitTest" */ = {
			isa = XCConfigurationList;
			buildConfigurations = (
				487ED6AB1B7744CD004D2B7C /* Debug */,
				487ED6AC1B7744CD004D2B7C /* Release */,
			);
			defaultConfigurationIsVisible = 0;
			defaultConfigurationName = Release;
		};
		487ED6AD1B7744CD004D2B7C /* Build configuration list for PBXNativeTarget "CloudKitTest" */ = {
			isa = XCConfigurationList;
			buildConfigurations = (
				487ED6AE1B7744CD004D2B7C /* Debug */,
				487ED6AF1B7744CD004D2B7C /* Release */,
			);
			defaultConfigurationIsVisible = 0;
			defaultConfigurationName = Release;
		};
/* End XCConfigurationList section */
	};
	rootObject = 487ED6861B7744CD004D2B7C /* Project object */;
}
